// !$*UTF8*$!
{
	archiveVersion = 1;
	classes = {
	};
	objectVersion = 55;
	objects = {

/* Begin PBXBuildFile section */
		3E0909D5284AD15C00E716B3 /* WordQuizApp.swift in Sources */ = {isa = PBXBuildFile; fileRef = 3E0909D4284AD15C00E716B3 /* WordQuizApp.swift */; };
		3E0909D7284AD15C00E716B3 /* ContentView.swift in Sources */ = {isa = PBXBuildFile; fileRef = 3E0909D6284AD15C00E716B3 /* ContentView.swift */; };
		3E0909D9284AD15D00E716B3 /* Assets.xcassets in Resources */ = {isa = PBXBuildFile; fileRef = 3E0909D8284AD15D00E716B3 /* Assets.xcassets */; };
		3E0909DC284AD15D00E716B3 /* Preview Assets.xcassets in Resources */ = {isa = PBXBuildFile; fileRef = 3E0909DB284AD15D00E716B3 /* Preview Assets.xcassets */; };
		3E0909E6284AD18700E716B3 /* ViewModel.swift in Sources */ = {isa = PBXBuildFile; fileRef = 3E0909E5284AD18700E716B3 /* ViewModel.swift */; };
		3E0909E8284AD1A300E716B3 /* WordView.swift in Sources */ = {isa = PBXBuildFile; fileRef = 3E0909E7284AD1A300E716B3 /* WordView.swift */; };
		3E0909ED284AD1D800E716B3 /* PickerView.swift in Sources */ = {isa = PBXBuildFile; fileRef = 3E0909EC284AD1D800E716B3 /* PickerView.swift */; };
/* End PBXBuildFile section */

/* Begin PBXFileReference section */
		3E0909D1284AD15C00E716B3 /* WordQuiz.app */ = {isa = PBXFileReference; explicitFileType = wrapper.application; includeInIndex = 0; path = WordQuiz.app; sourceTree = BUILT_PRODUCTS_DIR; };
		3E0909D4284AD15C00E716B3 /* WordQuizApp.swift */ = {isa = PBXFileReference; lastKnownFileType = sourcecode.swift; path = WordQuizApp.swift; sourceTree = "<group>"; };
		3E0909D6284AD15C00E716B3 /* ContentView.swift */ = {isa = PBXFileReference; lastKnownFileType = sourcecode.swift; path = ContentView.swift; sourceTree = "<group>"; };
		3E0909D8284AD15D00E716B3 /* Assets.xcassets */ = {isa = PBXFileReference; lastKnownFileType = folder.assetcatalog; path = Assets.xcassets; sourceTree = "<group>"; };
		3E0909DB284AD15D00E716B3 /* Preview Assets.xcassets */ = {isa = PBXFileReference; lastKnownFileType = folder.assetcatalog; path = "Preview Assets.xcassets"; sourceTree = "<group>"; };
		3E0909E5284AD18700E716B3 /* ViewModel.swift */ = {isa = PBXFileReference; lastKnownFileType = sourcecode.swift; path = ViewModel.swift; sourceTree = "<group>"; };
		3E0909E7284AD1A300E716B3 /* WordView.swift */ = {isa = PBXFileReference; lastKnownFileType = sourcecode.swift; path = WordView.swift; sourceTree = "<group>"; };
		3E0909EC284AD1D800E716B3 /* PickerView.swift */ = {isa = PBXFileReference; lastKnownFileType = sourcecode.swift; path = PickerView.swift; sourceTree = "<group>"; };
/* End PBXFileReference section */

/* Begin PBXFrameworksBuildPhase section */
		3E0909CE284AD15C00E716B3 /* Frameworks */ = {
			isa = PBXFrameworksBuildPhase;
			buildActionMask = 2147483647;
			files = (
			);
			runOnlyForDeploymentPostprocessing = 0;
		};
/* End PBXFrameworksBuildPhase section */

/* Begin PBXGroup section */
		3E0909C8284AD15C00E716B3 = {
			isa = PBXGroup;
			children = (
				3E0909D3284AD15C00E716B3 /* WordQuiz */,
				3E0909D2284AD15C00E716B3 /* Products */,
			);
			sourceTree = "<group>";
		};
		3E0909D2284AD15C00E716B3 /* Products */ = {
			isa = PBXGroup;
			children = (
				3E0909D1284AD15C00E716B3 /* WordQuiz.app */,
			);
			name = Products;
			sourceTree = "<group>";
		};
		3E0909D3284AD15C00E716B3 /* WordQuiz */ = {
			isa = PBXGroup;
			children = (
				3E0909E4284AD17800E716B3 /* Models */,
				3E0909E3284AD17300E716B3 /* ViewModels */,
				3E0909E2284AD16900E716B3 /* Views */,
				3E0909D4284AD15C00E716B3 /* WordQuizApp.swift */,
				3E0909D8284AD15D00E716B3 /* Assets.xcassets */,
				3E0909DA284AD15D00E716B3 /* Preview Content */,
			);
			path = WordQuiz;
			sourceTree = "<group>";
		};
		3E0909DA284AD15D00E716B3 /* Preview Content */ = {
			isa = PBXGroup;
			children = (
				3E0909DB284AD15D00E716B3 /* Preview Assets.xcassets */,
			);
			path = "Preview Content";
			sourceTree = "<group>";
		};
		3E0909E2284AD16900E716B3 /* Views */ = {
			isa = PBXGroup;
			children = (
				3E0909D6284AD15C00E716B3 /* ContentView.swift */,
				3E0909E7284AD1A300E716B3 /* WordView.swift */,
				3E0909EC284AD1D800E716B3 /* PickerView.swift */,
			);
			path = Views;
			sourceTree = "<group>";
		};
		3E0909E3284AD17300E716B3 /* ViewModels */ = {
			isa = PBXGroup;
			children = (
				3E0909E5284AD18700E716B3 /* ViewModel.swift */,
			);
			path = ViewModels;
			sourceTree = "<group>";
		};
		3E0909E4284AD17800E716B3 /* Models */ = {
			isa = PBXGroup;
			children = (
			);
			path = Models;
			sourceTree = "<group>";
		};
/* End PBXGroup section */

/* Begin PBXNativeTarget section */
		3E0909D0284AD15C00E716B3 /* WordQuiz */ = {
			isa = PBXNativeTarget;
			buildConfigurationList = 3E0909DF284AD15D00E716B3 /* Build configuration list for PBXNativeTarget "WordQuiz" */;
			buildPhases = (
				3E0909CD284AD15C00E716B3 /* Sources */,
				3E0909CE284AD15C00E716B3 /* Frameworks */,
				3E0909CF284AD15C00E716B3 /* Resources */,
			);
			buildRules = (
			);
			dependencies = (
			);
			name = WordQuiz;
			productName = WordQuiz;
			productReference = 3E0909D1284AD15C00E716B3 /* WordQuiz.app */;
			productType = "com.apple.product-type.application";
		};
/* End PBXNativeTarget section */

/* Begin PBXProject section */
		3E0909C9284AD15C00E716B3 /* Project object */ = {
			isa = PBXProject;
			attributes = {
				BuildIndependentTargetsInParallel = 1;
				LastSwiftUpdateCheck = 1340;
				LastUpgradeCheck = 1340;
				TargetAttributes = {
					3E0909D0284AD15C00E716B3 = {
						CreatedOnToolsVersion = 13.4;
					};
				};
			};
			buildConfigurationList = 3E0909CC284AD15C00E716B3 /* Build configuration list for PBXProject "WordQuiz" */;
			compatibilityVersion = "Xcode 13.0";
			developmentRegion = en;
			hasScannedForEncodings = 0;
			knownRegions = (
				en,
				Base,
			);
			mainGroup = 3E0909C8284AD15C00E716B3;
			productRefGroup = 3E0909D2284AD15C00E716B3 /* Products */;
			projectDirPath = "";
			projectRoot = "";
			targets = (
				3E0909D0284AD15C00E716B3 /* WordQuiz */,
			);
		};
/* End PBXProject section */

/* Begin PBXResourcesBuildPhase section */
		3E0909CF284AD15C00E716B3 /* Resources */ = {
			isa = PBXResourcesBuildPhase;
			buildActionMask = 2147483647;
			files = (
				3E0909DC284AD15D00E716B3 /* Preview Assets.xcassets in Resources */,
				3E0909D9284AD15D00E716B3 /* Assets.xcassets in Resources */,
			);
			runOnlyForDeploymentPostprocessing = 0;
		};
/* End PBXResourcesBuildPhase section */

/* Begin PBXSourcesBuildPhase section */
		3E0909CD284AD15C00E716B3 /* Sources */ = {
			isa = PBXSourcesBuildPhase;
			buildActionMask = 2147483647;
			files = (
				3E0909E8284AD1A300E716B3 /* WordView.swift in Sources */,
				3E0909D7284AD15C00E716B3 /* ContentView.swift in Sources */,
				3E0909E6284AD18700E716B3 /* ViewModel.swift in Sources */,
				3E0909ED284AD1D800E716B3 /* PickerView.swift in Sources */,
				3E0909D5284AD15C00E716B3 /* WordQuizApp.swift in Sources */,
			);
			runOnlyForDeploymentPostprocessing = 0;
		};
/* End PBXSourcesBuildPhase section */

/* Begin XCBuildConfiguration section */
		3E0909DD284AD15D00E716B3 /* Debug */ = {
			isa = XCBuildConfiguration;
			buildSettings = {
				ALWAYS_SEARCH_USER_PATHS = NO;
				CLANG_ANALYZER_NONNULL = YES;
				CLANG_ANALYZER_NUMBER_OBJECT_CONVERSION = YES_AGGRESSIVE;
				CLANG_CXX_LANGUAGE_STANDARD = "gnu++17";
				CLANG_ENABLE_MODULES = YES;
				CLANG_ENABLE_OBJC_ARC = YES;
				CLANG_ENABLE_OBJC_WEAK = YES;
				CLANG_WARN_BLOCK_CAPTURE_AUTORELEASING = YES;
				CLANG_WARN_BOOL_CONVERSION = YES;
				CLANG_WARN_COMMA = YES;
				CLANG_WARN_CONSTANT_CONVERSION = YES;
				CLANG_WARN_DEPRECATED_OBJC_IMPLEMENTATIONS = YES;
				CLANG_WARN_DIRECT_OBJC_ISA_USAGE = YES_ERROR;
				CLANG_WARN_DOCUMENTATION_COMMENTS = YES;
				CLANG_WARN_EMPTY_BODY = YES;
				CLANG_WARN_ENUM_CONVERSION = YES;
				CLANG_WARN_INFINITE_RECURSION = YES;
				CLANG_WARN_INT_CONVERSION = YES;
				CLANG_WARN_NON_LITERAL_NULL_CONVERSION = YES;
				CLANG_WARN_OBJC_IMPLICIT_RETAIN_SELF = YES;
				CLANG_WARN_OBJC_LITERAL_CONVERSION = YES;
				CLANG_WARN_OBJC_ROOT_CLASS = YES_ERROR;
				CLANG_WARN_QUOTED_INCLUDE_IN_FRAMEWORK_HEADER = YES;
				CLANG_WARN_RANGE_LOOP_ANALYSIS = YES;
				CLANG_WARN_STRICT_PROTOTYPES = YES;
				CLANG_WARN_SUSPICIOUS_MOVE = YES;
				CLANG_WARN_UNGUARDED_AVAILABILITY = YES_AGGRESSIVE;
				CLANG_WARN_UNREACHABLE_CODE = YES;
				CLANG_WARN__DUPLICATE_METHOD_MATCH = YES;
				COPY_PHASE_STRIP = NO;
				DEBUG_INFORMATION_FORMAT = dwarf;
				ENABLE_STRICT_OBJC_MSGSEND = YES;
				ENABLE_TESTABILITY = YES;
				GCC_C_LANGUAGE_STANDARD = gnu11;
				GCC_DYNAMIC_NO_PIC = NO;
				GCC_NO_COMMON_BLOCKS = YES;
				GCC_OPTIMIZATION_LEVEL = 0;
				GCC_PREPROCESSOR_DEFINITIONS = (
					"DEBUG=1",
					"$(inherited)",
				);
				GCC_WARN_64_TO_32_BIT_CONVERSION = YES;
				GCC_WARN_ABOUT_RETURN_TYPE = YES_ERROR;
				GCC_WARN_UNDECLARED_SELECTOR = YES;
				GCC_WARN_UNINITIALIZED_AUTOS = YES_AGGRESSIVE;
				GCC_WARN_UNUSED_FUNCTION = YES;
				GCC_WARN_UNUSED_VARIABLE = YES;
				IPHONEOS_DEPLOYMENT_TARGET = 15.5;
				MTL_ENABLE_DEBUG_INFO = INCLUDE_SOURCE;
				MTL_FAST_MATH = YES;
				ONLY_ACTIVE_ARCH = YES;
				SDKROOT = iphoneos;
				SWIFT_ACTIVE_COMPILATION_CONDITIONS = DEBUG;
				SWIFT_OPTIMIZATION_LEVEL = "-Onone";
			};
			name = Debug;
		};
		3E0909DE284AD15D00E716B3 /* Release */ = {
			isa = XCBuildConfiguration;
			buildSettings = {
				ALWAYS_SEARCH_USER_PATHS = NO;
				CLANG_ANALYZER_NONNULL = YES;
				CLANG_ANALYZER_NUMBER_OBJECT_CONVERSION = YES_AGGRESSIVE;
				CLANG_CXX_LANGUAGE_STANDARD = "gnu++17";
				CLANG_ENABLE_MODULES = YES;
				CLANG_ENABLE_OBJC_ARC = YES;
				CLANG_ENABLE_OBJC_WEAK = YES;
				CLANG_WARN_BLOCK_CAPTURE_AUTORELEASING = YES;
				CLANG_WARN_BOOL_CONVERSION = YES;
				CLANG_WARN_COMMA = YES;
				CLANG_WARN_CONSTANT_CONVERSION = YES;
				CLANG_WARN_DEPRECATED_OBJC_IMPLEMENTATIONS = YES;
				CLANG_WARN_DIRECT_OBJC_ISA_USAGE = YES_ERROR;
				CLANG_WARN_DOCUMENTATION_COMMENTS = YES;
				CLANG_WARN_EMPTY_BODY = YES;
				CLANG_WARN_ENUM_CONVERSION = YES;
				CLANG_WARN_INFINITE_RECURSION = YES;
				CLANG_WARN_INT_CONVERSION = YES;
				CLANG_WARN_NON_LITERAL_NULL_CONVERSION = YES;
				CLANG_WARN_OBJC_IMPLICIT_RETAIN_SELF = YES;
				CLANG_WARN_OBJC_LITERAL_CONVERSION = YES;
				CLANG_WARN_OBJC_ROOT_CLASS = YES_ERROR;
				CLANG_WARN_QUOTED_INCLUDE_IN_FRAMEWORK_HEADER = YES;
				CLANG_WARN_RANGE_LOOP_ANALYSIS = YES;
				CLANG_WARN_STRICT_PROTOTYPES = YES;
				CLANG_WARN_SUSPICIOUS_MOVE = YES;
				CLANG_WARN_UNGUARDED_AVAILABILITY = YES_AGGRESSIVE;
				CLANG_WARN_UNREACHABLE_CODE = YES;
				CLANG_WARN__DUPLICATE_METHOD_MATCH = YES;
				COPY_PHASE_STRIP = NO;
				DEBUG_INFORMATION_FORMAT = "dwarf-with-dsym";
				ENABLE_NS_ASSERTIONS = NO;
				ENABLE_STRICT_OBJC_MSGSEND = YES;
				GCC_C_LANGUAGE_STANDARD = gnu11;
				GCC_NO_COMMON_BLOCKS = YES;
				GCC_WARN_64_TO_32_BIT_CONVERSION = YES;
				GCC_WARN_ABOUT_RETURN_TYPE = YES_ERROR;
				GCC_WARN_UNDECLARED_SELECTOR = YES;
				GCC_WARN_UNINITIALIZED_AUTOS = YES_AGGRESSIVE;
				GCC_WARN_UNUSED_FUNCTION = YES;
				GCC_WARN_UNUSED_VARIABLE = YES;
				IPHONEOS_DEPLOYMENT_TARGET = 15.5;
				MTL_ENABLE_DEBUG_INFO = NO;
				MTL_FAST_MATH = YES;
				SDKROOT = iphoneos;
				SWIFT_COMPILATION_MODE = wholemodule;
				SWIFT_OPTIMIZATION_LEVEL = "-O";
				VALIDATE_PRODUCT = YES;
			};
			name = Release;
		};
		3E0909E0284AD15D00E716B3 /* Debug */ = {
			isa = XCBuildConfiguration;
			buildSettings = {
				ASSETCATALOG_COMPILER_APPICON_NAME = AppIcon;
				ASSETCATALOG_COMPILER_GLOBAL_ACCENT_COLOR_NAME = AccentColor;
				CODE_SIGN_STYLE = Automatic;
				CURRENT_PROJECT_VERSION = 1;
				DEVELOPMENT_ASSET_PATHS = "\"WordQuiz/Preview Content\"";
				DEVELOPMENT_TEAM = S9G6YGQ76H;
				ENABLE_PREVIEWS = YES;
				GENERATE_INFOPLIST_FILE = YES;
				INFOPLIST_KEY_UIApplicationSceneManifest_Generation = YES;
				INFOPLIST_KEY_UIApplicationSupportsIndirectInputEvents = YES;
				INFOPLIST_KEY_UILaunchScreen_Generation = YES;
				INFOPLIST_KEY_UISupportedInterfaceOrientations_iPad = "UIInterfaceOrientationPortrait UIInterfaceOrientationPortraitUpsideDown UIInterfaceOrientationLandscapeLeft UIInterfaceOrientationLandscapeRight";
				INFOPLIST_KEY_UISupportedInterfaceOrientations_iPhone = "UIInterfaceOrientationPortrait UIInterfaceOrientationLandscapeLeft UIInterfaceOrientationLandscapeRight";
				LD_RUNPATH_SEARCH_PATHS = (
					"$(inherited)",
					"@executable_path/Frameworks",
				);
				MARKETING_VERSION = 1.0;
				PRODUCT_BUNDLE_IDENTIFIER = "com-id.WordQuiz";
				PRODUCT_NAME = "$(TARGET_NAME)";
				SWIFT_EMIT_LOC_STRINGS = YES;
				SWIFT_VERSION = 5.0;
				TARGETED_DEVICE_FAMILY = "1,2";
			};
			name = Debug;
		};
		3E0909E1284AD15D00E716B3 /* Release */ = {
			isa = XCBuildConfiguration;
			buildSettings = {
				ASSETCATALOG_COMPILER_APPICON_NAME = AppIcon;
				ASSETCATALOG_COMPILER_GLOBAL_ACCENT_COLOR_NAME = AccentColor;
				CODE_SIGN_STYLE = Automatic;
				CURRENT_PROJECT_VERSION = 1;
				DEVELOPMENT_ASSET_PATHS = "\"WordQuiz/Preview Content\"";
				DEVELOPMENT_TEAM = S9G6YGQ76H;
				ENABLE_PREVIEWS = YES;
				GENERATE_INFOPLIST_FILE = YES;
				INFOPLIST_KEY_UIApplicationSceneManifest_Generation = YES;
				INFOPLIST_KEY_UIApplicationSupportsIndirectInputEvents = YES;
				INFOPLIST_KEY_UILaunchScreen_Generation = YES;
				INFOPLIST_KEY_UISupportedInterfaceOrientations_iPad = "UIInterfaceOrientationPortrait UIInterfaceOrientationPortraitUpsideDown UIInterfaceOrientationLandscapeLeft UIInterfaceOrientationLandscapeRight";
				INFOPLIST_KEY_UISupportedInterfaceOrientations_iPhone = "UIInterfaceOrientationPortrait UIInterfaceOrientationLandscapeLeft UIInterfaceOrientationLandscapeRight";
				LD_RUNPATH_SEARCH_PATHS = (
					"$(inherited)",
					"@executable_path/Frameworks",
				);
				MARKETING_VERSION = 1.0;
				PRODUCT_BUNDLE_IDENTIFIER = "com-id.WordQuiz";
				PRODUCT_NAME = "$(TARGET_NAME)";
				SWIFT_EMIT_LOC_STRINGS = YES;
				SWIFT_VERSION = 5.0;
				TARGETED_DEVICE_FAMILY = "1,2";
			};
			name = Release;
		};
/* End XCBuildConfiguration section */

/* Begin XCConfigurationList section */
		3E0909CC284AD15C00E716B3 /* Build configuration list for PBXProject "WordQuiz" */ = {
			isa = XCConfigurationList;
			buildConfigurations = (
				3E0909DD284AD15D00E716B3 /* Debug */,
				3E0909DE284AD15D00E716B3 /* Release */,
			);
			defaultConfigurationIsVisible = 0;
			defaultConfigurationName = Release;
		};
		3E0909DF284AD15D00E716B3 /* Build configuration list for PBXNativeTarget "WordQuiz" */ = {
			isa = XCConfigurationList;
			buildConfigurations = (
				3E0909E0284AD15D00E716B3 /* Debug */,
				3E0909E1284AD15D00E716B3 /* Release */,
			);
			defaultConfigurationIsVisible = 0;
			defaultConfigurationName = Release;
		};
/* End XCConfigurationList section */
	};
	rootObject = 3E0909C9284AD15C00E716B3 /* Project object */;
}
